
Microsoft Visual Studio Solution File, Format Version 12.00
# Visual Studio Version 17
VisualStudioVersion = 17.0.31903.59
MinimumVisualStudioVersion = 10.0.40219.1
Project("{FAE04EC0-301F-11D3-BF4B-00C04F79EFBC}") = "API", "API\API.csproj", "{81957E71-2604-46AF-AB15-F8CF0B5C5EF1}"
EndProject
Project("{FAE04EC0-301F-11D3-BF4B-00C04F79EFBC}") = "Application", "Application\Application.csproj", "{EC7B5FE6-AF03-432B-9CD9-D448AF1FCFB9}"
EndProject
Project("{FAE04EC0-301F-11D3-BF4B-00C04F79EFBC}") = "Domain", "Domain\Domain.csproj", "{D82FE321-0CA5-4B6F-A644-E078FE966B7D}"
EndProject
Project("{FAE04EC0-301F-11D3-BF4B-00C04F79EFBC}") = "Persistence", "Persistence\Persistence.csproj", "{AA70E0A6-3CAF-475F-B506-0AEBB9850435}"
EndProject
Global
	GlobalSection(SolutionConfigurationPlatforms) = preSolution
		Debug|Any CPU = Debug|Any CPU
		Release|Any CPU = Release|Any CPU
	EndGlobalSection
	GlobalSection(SolutionProperties) = preSolution
		HideSolutionNode = FALSE
	EndGlobalSection
	GlobalSection(ProjectConfigurationPlatforms) = postSolution
		{81957E71-2604-46AF-AB15-F8CF0B5C5EF1}.Debug|Any CPU.ActiveCfg = Debug|Any CPU
		{81957E71-2604-46AF-AB15-F8CF0B5C5EF1}.Debug|Any CPU.Build.0 = Debug|Any CPU
		{81957E71-2604-46AF-AB15-F8CF0B5C5EF1}.Release|Any CPU.ActiveCfg = Release|Any CPU
		{81957E71-2604-46AF-AB15-F8CF0B5C5EF1}.Release|Any CPU.Build.0 = Release|Any CPU
		{EC7B5FE6-AF03-432B-9CD9-D448AF1FCFB9}.Debug|Any CPU.ActiveCfg = Debug|Any CPU
		{EC7B5FE6-AF03-432B-9CD9-D448AF1FCFB9}.Debug|Any CPU.Build.0 = Debug|Any CPU
		{EC7B5FE6-AF03-432B-9CD9-D448AF1FCFB9}.Release|Any CPU.ActiveCfg = Release|Any CPU
		{EC7B5FE6-AF03-432B-9CD9-D448AF1FCFB9}.Release|Any CPU.Build.0 = Release|Any CPU
		{D82FE321-0CA5-4B6F-A644-E078FE966B7D}.Debug|Any CPU.ActiveCfg = Debug|Any CPU
		{D82FE321-0CA5-4B6F-A644-E078FE966B7D}.Debug|Any CPU.Build.0 = Debug|Any CPU
		{D82FE321-0CA5-4B6F-A644-E078FE966B7D}.Release|Any CPU.ActiveCfg = Release|Any CPU
		{D82FE321-0CA5-4B6F-A644-E078FE966B7D}.Release|Any CPU.Build.0 = Release|Any CPU
		{AA70E0A6-3CAF-475F-B506-0AEBB9850435}.Debug|Any CPU.ActiveCfg = Debug|Any CPU
		{AA70E0A6-3CAF-475F-B506-0AEBB9850435}.Debug|Any CPU.Build.0 = Debug|Any CPU
		{AA70E0A6-3CAF-475F-B506-0AEBB9850435}.Release|Any CPU.ActiveCfg = Release|Any CPU
		{AA70E0A6-3CAF-475F-B506-0AEBB9850435}.Release|Any CPU.Build.0 = Release|Any CPU
	EndGlobalSection
EndGlobal
